
Microsoft Visual Studio Solution File, Format Version 12.00
# Visual Studio 15
VisualStudioVersion = 15.0.28010.2003
MinimumVisualStudioVersion = 10.0.40219.1
Project("{9A19103F-16F7-4668-BE54-9A1E7A4F7556}") = "es-poc", "es-poc\es-poc.csproj", "{02EA58F7-C70A-4809-9531-7F3512C96A47}"
EndProject
Project("{E53339B2-1760-4266-BCC7-CA923CBCF16C}") = "docker-compose", "docker-compose.dcproj", "{AD580073-8A5B-4EF1-BBA4-D5FE1DA8F102}"
EndProject
Global
	GlobalSection(SolutionConfigurationPlatforms) = preSolution
		Debug|Any CPU = Debug|Any CPU
		Release|Any CPU = Release|Any CPU
	EndGlobalSection
	GlobalSection(ProjectConfigurationPlatforms) = postSolution
		{02EA58F7-C70A-4809-9531-7F3512C96A47}.Debug|Any CPU.ActiveCfg = Debug|Any CPU
		{02EA58F7-C70A-4809-9531-7F3512C96A47}.Debug|Any CPU.Build.0 = Debug|Any CPU
		{02EA58F7-C70A-4809-9531-7F3512C96A47}.Release|Any CPU.ActiveCfg = Release|Any CPU
		{02EA58F7-C70A-4809-9531-7F3512C96A47}.Release|Any CPU.Build.0 = Release|Any CPU
		{AD580073-8A5B-4EF1-BBA4-D5FE1DA8F102}.Debug|Any CPU.ActiveCfg = Debug|Any CPU
		{AD580073-8A5B-4EF1-BBA4-D5FE1DA8F102}.Debug|Any CPU.Build.0 = Debug|Any CPU
		{AD580073-8A5B-4EF1-BBA4-D5FE1DA8F102}.Release|Any CPU.ActiveCfg = Release|Any CPU
		{AD580073-8A5B-4EF1-BBA4-D5FE1DA8F102}.Release|Any CPU.Build.0 = Release|Any CPU
	EndGlobalSection
	GlobalSection(SolutionProperties) = preSolution
		HideSolutionNode = FALSE
	EndGlobalSection
	GlobalSection(ExtensibilityGlobals) = postSolution
		SolutionGuid = {B11ED10E-4A9B-4F96-A9D3-2FE985D62AA8}
	EndGlobalSection
EndGlobal
